
Microsoft Visual Studio Solution File, Format Version 12.00
# Visual Studio Version 16
VisualStudioVersion = 16.0.31005.135
MinimumVisualStudioVersion = 10.0.40219.1
Project("{9A19103F-16F7-4668-BE54-9A1E7A4F7556}") = "ShapesLibrary", "ShapesLibrary\ShapesLibrary.csproj", "{81122461-6DA3-408A-819B-C1D9C87FAE62}"
EndProject
Project("{9A19103F-16F7-4668-BE54-9A1E7A4F7556}") = "RunLab2", "RunLab2\RunLab2.csproj", "{1DAEB4F7-DA83-4251-A343-53B67EDF4748}"
EndProject
Global
	GlobalSection(SolutionConfigurationPlatforms) = preSolution
		Debug|Any CPU = Debug|Any CPU
		Release|Any CPU = Release|Any CPU
	EndGlobalSection
	GlobalSection(ProjectConfigurationPlatforms) = postSolution
		{81122461-6DA3-408A-819B-C1D9C87FAE62}.Debug|Any CPU.ActiveCfg = Debug|Any CPU
		{81122461-6DA3-408A-819B-C1D9C87FAE62}.Debug|Any CPU.Build.0 = Debug|Any CPU
		{81122461-6DA3-408A-819B-C1D9C87FAE62}.Release|Any CPU.ActiveCfg = Release|Any CPU
		{81122461-6DA3-408A-819B-C1D9C87FAE62}.Release|Any CPU.Build.0 = Release|Any CPU
		{1DAEB4F7-DA83-4251-A343-53B67EDF4748}.Debug|Any CPU.ActiveCfg = Debug|Any CPU
		{1DAEB4F7-DA83-4251-A343-53B67EDF4748}.Debug|Any CPU.Build.0 = Debug|Any CPU
		{1DAEB4F7-DA83-4251-A343-53B67EDF4748}.Release|Any CPU.ActiveCfg = Release|Any CPU
		{1DAEB4F7-DA83-4251-A343-53B67EDF4748}.Release|Any CPU.Build.0 = Release|Any CPU
	EndGlobalSection
	GlobalSection(SolutionProperties) = preSolution
		HideSolutionNode = FALSE
	EndGlobalSection
	GlobalSection(ExtensibilityGlobals) = postSolution
		SolutionGuid = {B945D5E5-FD67-4E0D-A903-F0642A5075AD}
	EndGlobalSection
EndGlobal
